Microsoft Visual Studio Solution File, Format Version 9.00
# Visual Studio 2005
Project("{FAE04EC0-301F-11D3-BF4B-00C04F79EFBC}") = "Reports", "Reports\Reports.csproj", "{5DB2D996-9879-43D3-A91B-EA54EB6F39A5}"
	ProjectSection(WebsiteProperties) = preProject
		Debug.AspNetCompiler.Debug = "True"
		Release.AspNetCompiler.Debug = "False"
	EndProjectSection
EndProject
Project("{FAE04EC0-301F-11D3-BF4B-00C04F79EFBC}") = "ShowReport", "ShowReport\ShowReport.csproj", "{9D519A1C-CA0E-4F7E-9CE3-75DD4EBE130C}"
	ProjectSection(WebsiteProperties) = preProject
		Debug.AspNetCompiler.Debug = "True"
		Release.AspNetCompiler.Debug = "False"
	EndProjectSection
EndProject
Global
	GlobalSection(SolutionConfigurationPlatforms) = preSolution
		Debug|.NET = Debug|.NET
		Debug|Any CPU = Debug|Any CPU
		Debug|Mixed Platforms = Debug|Mixed Platforms
		Release|.NET = Release|.NET
		Release|Any CPU = Release|Any CPU
		Release|Mixed Platforms = Release|Mixed Platforms
	EndGlobalSection
	GlobalSection(ProjectConfigurationPlatforms) = postSolution
		{5DB2D996-9879-43D3-A91B-EA54EB6F39A5}.Debug|.NET.ActiveCfg = Debug|Any CPU
		{5DB2D996-9879-43D3-A91B-EA54EB6F39A5}.Debug|Any CPU.ActiveCfg = Debug|Any CPU
		{5DB2D996-9879-43D3-A91B-EA54EB6F39A5}.Debug|Any CPU.Build.0 = Debug|Any CPU
		{5DB2D996-9879-43D3-A91B-EA54EB6F39A5}.Debug|Mixed Platforms.ActiveCfg = Debug|Any CPU
		{5DB2D996-9879-43D3-A91B-EA54EB6F39A5}.Debug|Mixed Platforms.Build.0 = Debug|Any CPU
		{5DB2D996-9879-43D3-A91B-EA54EB6F39A5}.Release|.NET.ActiveCfg = Release|Any CPU
		{5DB2D996-9879-43D3-A91B-EA54EB6F39A5}.Release|Any CPU.ActiveCfg = Release|Any CPU
		{5DB2D996-9879-43D3-A91B-EA54EB6F39A5}.Release|Any CPU.Build.0 = Release|Any CPU
		{5DB2D996-9879-43D3-A91B-EA54EB6F39A5}.Release|Mixed Platforms.ActiveCfg = Release|Any CPU
		{5DB2D996-9879-43D3-A91B-EA54EB6F39A5}.Release|Mixed Platforms.Build.0 = Release|Any CPU
		{9D519A1C-CA0E-4F7E-9CE3-75DD4EBE130C}.Debug|.NET.ActiveCfg = Debug|Any CPU
		{9D519A1C-CA0E-4F7E-9CE3-75DD4EBE130C}.Debug|Any CPU.ActiveCfg = Debug|Any CPU
		{9D519A1C-CA0E-4F7E-9CE3-75DD4EBE130C}.Debug|Any CPU.Build.0 = Debug|Any CPU
		{9D519A1C-CA0E-4F7E-9CE3-75DD4EBE130C}.Debug|Mixed Platforms.ActiveCfg = Debug|Any CPU
		{9D519A1C-CA0E-4F7E-9CE3-75DD4EBE130C}.Debug|Mixed Platforms.Build.0 = Debug|Any CPU
		{9D519A1C-CA0E-4F7E-9CE3-75DD4EBE130C}.Release|.NET.ActiveCfg = Release|Any CPU
		{9D519A1C-CA0E-4F7E-9CE3-75DD4EBE130C}.Release|Any CPU.ActiveCfg = Release|Any CPU
		{9D519A1C-CA0E-4F7E-9CE3-75DD4EBE130C}.Release|Any CPU.Build.0 = Release|Any CPU
		{9D519A1C-CA0E-4F7E-9CE3-75DD4EBE130C}.Release|Mixed Platforms.ActiveCfg = Release|Any CPU
		{9D519A1C-CA0E-4F7E-9CE3-75DD4EBE130C}.Release|Mixed Platforms.Build.0 = Release|Any CPU
	EndGlobalSection
	GlobalSection(SolutionProperties) = preSolution
		HideSolutionNode = FALSE
	EndGlobalSection
EndGlobal
